
Microsoft Visual Studio Solution File, Format Version 12.00
# Visual Studio Version 17
VisualStudioVersion = 17.2.32602.215
MinimumVisualStudioVersion = 10.0.40219.1
Project("{FAE04EC0-301F-11D3-BF4B-00C04F79EFBC}") = "ArrayCopy.Lib", "ArrayCopy.Lib\ArrayCopy.Lib.csproj", "{EDF8C23A-923F-4D07-AC41-EA0C13912CF1}"
EndProject
Global
	GlobalSection(SolutionConfigurationPlatforms) = preSolution
		Debug|Any CPU = Debug|Any CPU
		Release|Any CPU = Release|Any CPU
	EndGlobalSection
	GlobalSection(ProjectConfigurationPlatforms) = postSolution
		{EDF8C23A-923F-4D07-AC41-EA0C13912CF1}.Debug|Any CPU.ActiveCfg = Debug|Any CPU
		{EDF8C23A-923F-4D07-AC41-EA0C13912CF1}.Debug|Any CPU.Build.0 = Debug|Any CPU
		{EDF8C23A-923F-4D07-AC41-EA0C13912CF1}.Release|Any CPU.ActiveCfg = Release|Any CPU
		{EDF8C23A-923F-4D07-AC41-EA0C13912CF1}.Release|Any CPU.Build.0 = Release|Any CPU
	EndGlobalSection
	GlobalSection(SolutionProperties) = preSolution
		HideSolutionNode = FALSE
	EndGlobalSection
	GlobalSection(ExtensibilityGlobals) = postSolution
		SolutionGuid = {8B171FE5-25DF-4D36-B55B-01D41CD84637}
	EndGlobalSection
EndGlobal
